
Microsoft Visual Studio Solution File, Format Version 12.00
# Visual Studio Version 16
VisualStudioVersion = 16.0.30907.101
MinimumVisualStudioVersion = 10.0.40219.1
Project("{FAE04EC0-301F-11D3-BF4B-00C04F79EFBC}") = "BILLETES", "BILLETES\BILLETES.csproj", "{58A44052-9360-438E-BDA8-CEE72C430E05}"
EndProject
Global
	GlobalSection(SolutionConfigurationPlatforms) = preSolution
		Debug|Any CPU = Debug|Any CPU
		Release|Any CPU = Release|Any CPU
	EndGlobalSection
	GlobalSection(ProjectConfigurationPlatforms) = postSolution
		{58A44052-9360-438E-BDA8-CEE72C430E05}.Debug|Any CPU.ActiveCfg = Debug|Any CPU
		{58A44052-9360-438E-BDA8-CEE72C430E05}.Debug|Any CPU.Build.0 = Debug|Any CPU
		{58A44052-9360-438E-BDA8-CEE72C430E05}.Release|Any CPU.ActiveCfg = Release|Any CPU
		{58A44052-9360-438E-BDA8-CEE72C430E05}.Release|Any CPU.Build.0 = Release|Any CPU
	EndGlobalSection
	GlobalSection(SolutionProperties) = preSolution
		HideSolutionNode = FALSE
	EndGlobalSection
	GlobalSection(ExtensibilityGlobals) = postSolution
		SolutionGuid = {1208A12B-DE88-4B3B-9FD4-48AE87CC3C89}
	EndGlobalSection
EndGlobal
